
Microsoft Visual Studio Solution File, Format Version 12.00
# Visual Studio Version 17
VisualStudioVersion = 17.0.31903.59
MinimumVisualStudioVersion = 10.0.40219.1
Project("{FAE04EC0-301F-11D3-BF4B-00C04F79EFBC}") = "Api", "Api\Api.csproj", "{6030BB33-49A2-4688-BB9A-91CDA03C9739}"
EndProject
Project("{FAE04EC0-301F-11D3-BF4B-00C04F79EFBC}") = "Application", "Application\Application.csproj", "{EB010EB2-49D7-4A65-9C96-0189A6D76E79}"
EndProject
Project("{FAE04EC0-301F-11D3-BF4B-00C04F79EFBC}") = "Domain", "Domain\Domain.csproj", "{81D09BFD-BD92-44DB-965C-7994C4E74415}"
EndProject
Project("{FAE04EC0-301F-11D3-BF4B-00C04F79EFBC}") = "Infrastructure", "Infrastructure\Infrastructure.csproj", "{B1D3C27B-1649-4334-A99E-61D69CD9B5D7}"
EndProject
Global
	GlobalSection(SolutionConfigurationPlatforms) = preSolution
		Debug|Any CPU = Debug|Any CPU
		Release|Any CPU = Release|Any CPU
	EndGlobalSection
	GlobalSection(SolutionProperties) = preSolution
		HideSolutionNode = FALSE
	EndGlobalSection
	GlobalSection(ProjectConfigurationPlatforms) = postSolution
		{6030BB33-49A2-4688-BB9A-91CDA03C9739}.Debug|Any CPU.ActiveCfg = Debug|Any CPU
		{6030BB33-49A2-4688-BB9A-91CDA03C9739}.Debug|Any CPU.Build.0 = Debug|Any CPU
		{6030BB33-49A2-4688-BB9A-91CDA03C9739}.Release|Any CPU.ActiveCfg = Release|Any CPU
		{6030BB33-49A2-4688-BB9A-91CDA03C9739}.Release|Any CPU.Build.0 = Release|Any CPU
		{EB010EB2-49D7-4A65-9C96-0189A6D76E79}.Debug|Any CPU.ActiveCfg = Debug|Any CPU
		{EB010EB2-49D7-4A65-9C96-0189A6D76E79}.Debug|Any CPU.Build.0 = Debug|Any CPU
		{EB010EB2-49D7-4A65-9C96-0189A6D76E79}.Release|Any CPU.ActiveCfg = Release|Any CPU
		{EB010EB2-49D7-4A65-9C96-0189A6D76E79}.Release|Any CPU.Build.0 = Release|Any CPU
		{81D09BFD-BD92-44DB-965C-7994C4E74415}.Debug|Any CPU.ActiveCfg = Debug|Any CPU
		{81D09BFD-BD92-44DB-965C-7994C4E74415}.Debug|Any CPU.Build.0 = Debug|Any CPU
		{81D09BFD-BD92-44DB-965C-7994C4E74415}.Release|Any CPU.ActiveCfg = Release|Any CPU
		{81D09BFD-BD92-44DB-965C-7994C4E74415}.Release|Any CPU.Build.0 = Release|Any CPU
		{B1D3C27B-1649-4334-A99E-61D69CD9B5D7}.Debug|Any CPU.ActiveCfg = Debug|Any CPU
		{B1D3C27B-1649-4334-A99E-61D69CD9B5D7}.Debug|Any CPU.Build.0 = Debug|Any CPU
		{B1D3C27B-1649-4334-A99E-61D69CD9B5D7}.Release|Any CPU.ActiveCfg = Release|Any CPU
		{B1D3C27B-1649-4334-A99E-61D69CD9B5D7}.Release|Any CPU.Build.0 = Release|Any CPU
	EndGlobalSection
EndGlobal
